{
  "nodes": {
    "nixpkgs": {
      "locked": {
        "lastModified": 1789075948,
        "narHash": "sha256-4GSO+SYYiBDOo5/cfaZH9FdekgQtT4LVIgLXYL5hcTo=",
        "owner": "NixOS",
        "repo": "nixpkgs",
        "rev": "f9f3da1f4638a269c595070100c65390119b633c",
        "type": "github"
      },
      "original": {
        "owner": "NixOS",
        "ref": "master",
        "repo": "nixpkgs",
        "type": "github"
      }
    },
    "root": {
      "inputs": {
        "nixpkgs": "nixpkgs"
      }
    }
  },
  "root": "root",
  "version": 7
}
